
Microsoft Visual Studio Solution File, Format Version 12.00
# Visual Studio Version 16
VisualStudioVersion = 16.0.31729.503
MinimumVisualStudioVersion = 10.0.40219.1
Project("{FAE04EC0-301F-11D3-BF4B-00C04F79EFBC}") = "gitproject", "gitproject\gitproject.csproj", "{EC4FBA19-1BA5-4C58-89E6-D1863D68B158}"
EndProject
Global
	GlobalSection(SolutionConfigurationPlatforms) = preSolution
		Debug|Any CPU = Debug|Any CPU
		Release|Any CPU = Release|Any CPU
	EndGlobalSection
	GlobalSection(ProjectConfigurationPlatforms) = postSolution
		{EC4FBA19-1BA5-4C58-89E6-D1863D68B158}.Debug|Any CPU.ActiveCfg = Debug|Any CPU
		{EC4FBA19-1BA5-4C58-89E6-D1863D68B158}.Debug|Any CPU.Build.0 = Debug|Any CPU
		{EC4FBA19-1BA5-4C58-89E6-D1863D68B158}.Release|Any CPU.ActiveCfg = Release|Any CPU
		{EC4FBA19-1BA5-4C58-89E6-D1863D68B158}.Release|Any CPU.Build.0 = Release|Any CPU
	EndGlobalSection
	GlobalSection(SolutionProperties) = preSolution
		HideSolutionNode = FALSE
	EndGlobalSection
	GlobalSection(ExtensibilityGlobals) = postSolution
		SolutionGuid = {A18F02FB-1874-45C9-ACDF-ACABFA4DFC9B}
	EndGlobalSection
EndGlobal
